
Microsoft Visual Studio Solution File, Format Version 12.00
# Visual Studio 15
VisualStudioVersion = 15.0.28010.2046
MinimumVisualStudioVersion = 10.0.40219.1
Project("{FAE04EC0-301F-11D3-BF4B-00C04F79EFBC}") = "dnSpyConsole", "dnSpyConsole\dnSpyConsole.csproj", "{CFE2278A-79EE-4933-ABC1-F152FC2C71EF}"
EndProject
Project("{FAE04EC0-301F-11D3-BF4B-00C04F79EFBC}") = "dnSpyLibrary", "dnSpyLibrary\dnSpyLibrary.csproj", "{83E83FCF-D78C-4181-AA93-1044957882D4}"
EndProject
Global
	GlobalSection(SolutionConfigurationPlatforms) = preSolution
		Debug|Any CPU = Debug|Any CPU
		Release|Any CPU = Release|Any CPU
	EndGlobalSection
	GlobalSection(ProjectConfigurationPlatforms) = postSolution
		{CFE2278A-79EE-4933-ABC1-F152FC2C71EF}.Debug|Any CPU.ActiveCfg = Debug|Any CPU
		{CFE2278A-79EE-4933-ABC1-F152FC2C71EF}.Debug|Any CPU.Build.0 = Debug|Any CPU
		{CFE2278A-79EE-4933-ABC1-F152FC2C71EF}.Release|Any CPU.ActiveCfg = Release|Any CPU
		{CFE2278A-79EE-4933-ABC1-F152FC2C71EF}.Release|Any CPU.Build.0 = Release|Any CPU
		{83E83FCF-D78C-4181-AA93-1044957882D4}.Debug|Any CPU.ActiveCfg = Debug|Any CPU
		{83E83FCF-D78C-4181-AA93-1044957882D4}.Debug|Any CPU.Build.0 = Debug|Any CPU
		{83E83FCF-D78C-4181-AA93-1044957882D4}.Release|Any CPU.ActiveCfg = Release|Any CPU
		{83E83FCF-D78C-4181-AA93-1044957882D4}.Release|Any CPU.Build.0 = Release|Any CPU
	EndGlobalSection
	GlobalSection(SolutionProperties) = preSolution
		HideSolutionNode = FALSE
	EndGlobalSection
	GlobalSection(ExtensibilityGlobals) = postSolution
		SolutionGuid = {688B3E39-B4A7-42B6-9A37-BF321D51711B}
	EndGlobalSection
EndGlobal
